
Microsoft Visual Studio Solution File, Format Version 12.00
# Visual Studio Version 16
VisualStudioVersion = 16.0.31005.135
MinimumVisualStudioVersion = 10.0.40219.1
Project("{9A19103F-16F7-4668-BE54-9A1E7A4F7556}") = "DockerHW.API", "DockerHW.API\DockerHW.API.csproj", "{4EAFC151-07A5-4682-8864-D0734B159F6F}"
EndProject
Project("{9A19103F-16F7-4668-BE54-9A1E7A4F7556}") = "DockerHW.Web", "DockerHW.Web\DockerHW.Web.csproj", "{AEB873C3-3959-4AE2-AA13-CC6C3B11A22F}"
EndProject
Project("{E53339B2-1760-4266-BCC7-CA923CBCF16C}") = "docker-compose", "docker-compose.dcproj", "{D2FDEB6C-7CF2-460D-89FF-BEAE7E3BDB47}"
EndProject
Global
	GlobalSection(SolutionConfigurationPlatforms) = preSolution
		Debug|Any CPU = Debug|Any CPU
		Release|Any CPU = Release|Any CPU
	EndGlobalSection
	GlobalSection(ProjectConfigurationPlatforms) = postSolution
		{4EAFC151-07A5-4682-8864-D0734B159F6F}.Debug|Any CPU.ActiveCfg = Debug|Any CPU
		{4EAFC151-07A5-4682-8864-D0734B159F6F}.Debug|Any CPU.Build.0 = Debug|Any CPU
		{4EAFC151-07A5-4682-8864-D0734B159F6F}.Release|Any CPU.ActiveCfg = Release|Any CPU
		{4EAFC151-07A5-4682-8864-D0734B159F6F}.Release|Any CPU.Build.0 = Release|Any CPU
		{AEB873C3-3959-4AE2-AA13-CC6C3B11A22F}.Debug|Any CPU.ActiveCfg = Debug|Any CPU
		{AEB873C3-3959-4AE2-AA13-CC6C3B11A22F}.Debug|Any CPU.Build.0 = Debug|Any CPU
		{AEB873C3-3959-4AE2-AA13-CC6C3B11A22F}.Release|Any CPU.ActiveCfg = Release|Any CPU
		{AEB873C3-3959-4AE2-AA13-CC6C3B11A22F}.Release|Any CPU.Build.0 = Release|Any CPU
		{D2FDEB6C-7CF2-460D-89FF-BEAE7E3BDB47}.Debug|Any CPU.ActiveCfg = Debug|Any CPU
		{D2FDEB6C-7CF2-460D-89FF-BEAE7E3BDB47}.Debug|Any CPU.Build.0 = Debug|Any CPU
		{D2FDEB6C-7CF2-460D-89FF-BEAE7E3BDB47}.Release|Any CPU.ActiveCfg = Release|Any CPU
		{D2FDEB6C-7CF2-460D-89FF-BEAE7E3BDB47}.Release|Any CPU.Build.0 = Release|Any CPU
	EndGlobalSection
	GlobalSection(SolutionProperties) = preSolution
		HideSolutionNode = FALSE
	EndGlobalSection
	GlobalSection(ExtensibilityGlobals) = postSolution
		SolutionGuid = {8DA29456-30E1-4270-A9D8-559E7766DE7A}
	EndGlobalSection
EndGlobal
